version = 1
revision = 1
requires-python = ">=3.12"

[[package]]
name = "anyio"
version = "4.13.0"
source = { registry = "https://mirrors.cloud.tencent.com/pypi/simple" }
dependencies = [
    { name = "idna" },
    { name = "typing-extensions", marker = "python_full_version < '3.13'" },
]
sdist = { url = "https://mirrors.cloud.tencent.com/pypi/packages/19/14/2c5dd9f512b66549ae92767a9c7b330ae88e1932ca57876909410251fe13/anyio-4.13.0.tar.gz", hash = "sha256:334b70e641fd2221c1505b3890c69882fe4a2df910cba14d97019b90b24439dc" }
wheels = [
    { url = "https://mirrors.cloud.tencent.com/pypi/packages/da/42/e921fccf5015463e32a3cf6ee7f980a6ed0f395ceeaa45060b61d86486c2/anyio-4.13.0-py3-none-any.whl", hash = "sha256:08b310f9e24a9594186fd75b4f73f4a4152069e3853f1ed8bfbf58369f4ad708" },
]

[[package]]
name = "asyncnsq"
version = "2.0.1"
source = { editable = "." }
dependencies = [
    { name = "httpx" },
    { name = "python-snappy" },
]

[package.dev-dependencies]
dev = [
    { name = "pytest" },
    { name = "pytest-cov" },
]

[package.metadata]
requires-dist = [
    { name = "httpx", specifier = ">=0.27" },
    { name = "python-snappy", specifier = ">=0.7" },
]

[package.metadata.requires-dev]
dev = [
    { name = "pytest", specifier = ">=8" },
    { name = "pytest-cov", specifier = ">=5" },
]

[[package]]
name = "certifi"
version = "2026.4.22"
source = { registry = "https://mirrors.cloud.tencent.com/pypi/simple" }
sdist = { url = "https://mirrors.cloud.tencent.com/pypi/packages/25/ee/6caf7a40c36a1220410afe15a1cc64993a1f864871f698c0f93acb72842a/certifi-2026.4.22.tar.gz", hash = "sha256:8d455352a37b71bf76a79caa83a3d6c25afee4a385d632127b6afb3963f1c580" }
wheels = [
    { url = "https://mirrors.cloud.tencent.com/pypi/packages/22/30/7cd8fdcdfbc5b869528b079bfb76dcdf6056b1a2097a662e5e8c04f42965/certifi-2026.4.22-py3-none-any.whl", hash = "sha256:3cb2210c8f88ba2318d29b0388d1023c8492ff72ecdde4ebdaddbb13a31b1c4a" },
]

[[package]]
name = "colorama"
version = "0.4.6"
source = { registry = "https://mirrors.cloud.tencent.com/pypi/simple" }
sdist = { url = "https://mirrors.cloud.tencent.com/pypi/packages/d8/53/6f443c9a4a8358a93a6792e2acffb9d9d5cb0a5cfd8802644b7b1c9a02e4/colorama-0.4.6.tar.gz", hash = "sha256:08695f5cb7ed6e0531a20572697297273c47b8cae5a63ffc6d6ed5c201be6e44" }
wheels = [
    { url = "https://mirrors.cloud.tencent.com/pypi/packages/d1/d6/3965ed04c63042e047cb6a3e6ed1a63a35087b6a609aa3a15ed8ac56c221/colorama-0.4.6-py2.py3-none-any.whl", hash = "sha256:4f1d9991f5acc0ca119f9d443620b77f9d6b33703e51011c16baf57afb285fc6" },
]

[[package]]
name = "coverage"
version = "7.14.0"
source = { registry = "https://mirrors.cloud.tencent.com/pypi/simple" }
sdist = { url = "https://mirrors.cloud.tencent.com/pypi/packages/23/7f/d0720730a397a999ffc0fd3f5bebef347338e3a47b727da66fbb228e2ff2/coverage-7.14.0.tar.gz", hash = "sha256:057a6af2f160a85384cde4ab36f0d2777bae1057bae255f95413cdd382aa5c74" }
wheels = [
    { url = "https://mirrors.cloud.tencent.com/pypi/packages/09/1e/2f996b2c8415cbb6f54b0f5ec1ee850c96d7911961afb4fc05f4a89d8c58/coverage-7.14.0-cp312-cp312-macosx_10_13_x86_64.whl", hash = "sha256:7ffd19fc8aed057fd686a17a4935eef5f9859d69208f96310e893e64b9b6ccf5" },
    { url = "https://mirrors.cloud.tencent.com/pypi/packages/34/23/35c7aea1274aef7525bdd2dc92f710bdde6d11652239d71d1ec450067939/coverage-7.14.0-cp312-cp312-macosx_11_0_arm64.whl", hash = "sha256:829994cfe1aeb773ca27bf246d4badc1e764893e3bfb98fff820fcecd1ca4662" },
    { url = "https://mirrors.cloud.tencent.com/pypi/packages/75/cf/a8f4b43a16e194b0261257ad28ded5853ec052570afef4a84e1d81189f3b/coverage-7.14.0-cp312-cp312-manylinux1_i686.manylinux_2_28_i686.manylinux_2_5_i686.whl", hash = "sha256:b4f07cf7edcb7ec39431a5074d7ea83b29a9f71fcfc494f0f40af4e65180420f" },
    { url = "https://mirrors.cloud.tencent.com/pypi/packages/69/ff/6699e7b71e60d3049eb2bdcbc95ee3f35707b2b0e48f32e9e63d3ce30c08/coverage-7.14.0-cp312-cp312-manylinux1_x86_64.manylinux_2_28_x86_64.manylinux_2_5_x86_64.whl", hash = "sha256:ca3d9cf2c32b521bd9518385608787fa86f38daf993695307531822c3430ed67" },
    { url = "https://mirrors.cloud.tencent.com/pypi/packages/22/ec/c936d495fcd67f48f03a9c4ad3297ff80d1f222a5df3980f15b34c186c21/coverage-7.14.0-cp312-cp312-manylinux2014_aarch64.manylinux_2_17_aarch64.manylinux_2_28_aarch64.whl", hash = "sha256:92af52828e7f29d827346b0294e5a0853fa206db77db0395b282918d41e28db9" },
    { url = "https://mirrors.cloud.tencent.com/pypi/packages/5c/42/5af63f636cc62a4a2b1b3ba9146f6ee6f53a35a50d5cefc54d5670f60999/coverage-7.14.0-cp312-cp312-manylinux2014_ppc64le.manylinux_2_17_ppc64le.manylinux_2_28_ppc64le.whl", hash = "sha256:7b2bb6c9d7e769360d0f20a0f219603fd64f0c8f97de17ab25853261602be0fb" },
    { url = "https://mirrors.cloud.tencent.com/pypi/packages/26/d3/a225317bd2012132a27e1176d51660b826f99bb975876463c44ea0d7ee5a/coverage-7.14.0-cp312-cp312-manylinux_2_31_riscv64.manylinux_2_39_riscv64.whl", hash = "sha256:1c9ed6ef99f88fb8c14aa8e2bf8eb0fe55fa2edfea68f8675d78741df1a5ac0e" },
    { url = "https://mirrors.cloud.tencent.com/pypi/packages/f1/7f/9e65495298c3ea414742998539c37d048b5e81cc818fb1828cc6b51d10bf/coverage-7.14.0-cp312-cp312-musllinux_1_2_aarch64.whl", hash = "sha256:8231ade007f37959fbf58acc677f26b922c02eda6f0428ea307da0fd39681bf3" },
    { url = "https://mirrors.cloud.tencent.com/pypi/packages/94/46/1522b524a35bdad22b2b8c4f9d32d0a104b524726ec380b2db68db1746f5/coverage-7.14.0-cp312-cp312-musllinux_1_2_i686.whl", hash = "sha256:d8b013632cc1ce1d09dbe4f32667b4d320ec2f54fc326ebeffcd0b0bcc2bb6c4" },
    { url = "https://mirrors.cloud.tencent.com/pypi/packages/f3/e9/cdf00d38817742c541ade405e115a3f7bf36e6f2a8b99d4f209861b85a2d/coverage-7.14.0-cp312-cp312-musllinux_1_2_ppc64le.whl", hash = "sha256:1733198802d71ec4c524f322e2867ee05c62e9e75df86bdca545407a221827d1" },
    { url = "https://mirrors.cloud.tencent.com/pypi/packages/38/fc/5e7877cf5f902d08a17ff1c532511476d87e1bea355bd5028cb97f902e79/coverage-7.14.0-cp312-cp312-musllinux_1_2_riscv64.whl", hash = "sha256:72a305291fa8ee01332f1aaf38b348ca34097f6aa0b0ef627eef2837e57bbba5" },
    { url = "https://mirrors.cloud.tencent.com/pypi/packages/18/9d/50f05a72dff8487464fdd4178dda5daed642a060e60afb644e3d45123559/coverage-7.14.0-cp312-cp312-musllinux_1_2_x86_64.whl", hash = "sha256:fcaba850dd317c65423a9d63d88f9573c53b00354d6dd95724576cc98a131595" },
    { url = "https://mirrors.cloud.tencent.com/pypi/packages/00/3f/6f61ffe6439df266c3cf60f5c99cfaa21103d0210d706a42fc6c30683ff8/coverage-7.14.0-cp312-cp312-win32.whl", hash = "sha256:5ac83957a80d0701310e96d8bec68cdcf4f90a7674b7d13f15a344315b41ab27" },
    { url = "https://mirrors.cloud.tencent.com/pypi/packages/85/19/93853133df2cb371083285ef6a93982a0173e7a233b0f61373ba9fd30eb2/coverage-7.14.0-cp312-cp312-win_amd64.whl", hash = "sha256:70390b0da32cb90b501953716302906e8bcce087cb283e70d8c97729f22e92b2" },
    { url = "https://mirrors.cloud.tencent.com/pypi/packages/74/18/9f7fe62f659f24b7a82a0be56bf94c1bd0a89e0ae7ab4c668f6e82404294/coverage-7.14.0-cp312-cp312-win_arm64.whl", hash = "sha256:91b993743d959b8be85b4abf9d5478216a69329c321efe5be0433c1a841d691d" },
    { url = "https://mirrors.cloud.tencent.com/pypi/packages/6b/76/b7c66ee3c66e1b0f9d894c8125983aa0c03fb2336f2fd16559f9c966157f/coverage-7.14.0-cp313-cp313-macosx_10_13_x86_64.whl", hash = "sha256:f2bbb8254370eb4c628ff3d6fa8a7f74ddc40565394d4f7ab791d1fe568e37ef" },
    { url = "https://mirrors.cloud.tencent.com/pypi/packages/b3/af/e567cbad5ba69c013a50146dfa886dc7193361fda77521f51274ff620e1b/coverage-7.14.0-cp313-cp313-macosx_11_0_arm64.whl", hash = "sha256:23b81107f46d3f21d0cbce30664fcec0f5d9f585638a67081750f99738f6bf66" },
    { url = "https://mirrors.cloud.tencent.com/pypi/packages/44/6f/9ad575d505b4d805b254febc8a5b338a2efe278f8786e56ff1cb8413f9c3/coverage-7.14.0-cp313-cp313-manylinux1_i686.manylinux_2_28_i686.manylinux_2_5_i686.whl", hash = "sha256:22a7e06a5f11a757cdfe79018e9095f9f69ae283c5cd8123774c788deec8717b" },
    { url = "https://mirrors.cloud.tencent.com/pypi/packages/6f/5f/b5370068b2f57787454592ed7dcd1002f0f1703b7db1fa30f6a325a4ca6e/coverage-7.14.0-cp313-cp313-manylinux1_x86_64.manylinux_2_28_x86_64.manylinux_2_5_x86_64.whl", hash = "sha256:9d1aa57a1dc8e05bdc42e81c5d671d849577aeedf279f4c449d6d286f9ed88ca" },
    { url = "https://mirrors.cloud.tencent.com/pypi/packages/29/1e/51adf17738976e8f2b85ddef7b7aa12a0838b056c92f175941d8862767c1/coverage-7.14.0-cp313-cp313-manylinux2014_aarch64.manylinux_2_17_aarch64.manylinux_2_28_aarch64.whl", hash = "sha256:90c1a51bcfddf645b3bb7ec333d9e94393a8e94f55642380fa8a9a5a9e636cb7" },
    { url = "https://mirrors.cloud.tencent.com/pypi/packages/9e/7b/5bfd7ac1df3b881c2ac7a5cbc99c7609e6296c402f5ef587cd81c6f355b3/coverage-7.14.0-cp313-cp313-manylinux2014_ppc64le.manylinux_2_17_ppc64le.manylinux_2_28_ppc64le.whl", hash = "sha256:a841fae2fadcae4f438d43b6ccc4aac2ad609f47cdb6cfdce60cbb3fe5ca7bc2" },
    { url = "https://mirrors.cloud.tencent.com/pypi/packages/7d/38/1d37d316b174fad3843a1d76dbdfe4398771c9ecd0515935dd9ece9cd627/coverage-7.14.0-cp313-cp313-manylinux_2_31_riscv64.manylinux_2_39_riscv64.whl", hash = "sha256:c79d2319cabef1fe8e86df73371126931550804738f78ad7d31e3aad85a67367" },
    { url = "https://mirrors.cloud.tencent.com/pypi/packages/34/46/746704f95980ba220214e1a41e18cec5aea80a898eaa53c51bf2d645ff36/coverage-7.14.0-cp313-cp313-musllinux_1_2_aarch64.whl", hash = "sha256:1b23b0c6f0b1db6ad769b7050c8b641c0bf215ded26c1816955b17b7f26edfa9" },
    { url = "https://mirrors.cloud.tencent.com/pypi/packages/e1/b9/bbe87206d9687b192352f893797825b5f5b15ecd3aa9c68fbff0c074d77b/coverage-7.14.0-cp313-cp313-musllinux_1_2_i686.whl", hash = "sha256:55d3089079ce181a4566b1065ab28d2575eb76d8ac8f81f4fcda2bf037fee087" },
    { url = "https://mirrors.cloud.tencent.com/pypi/packages/46/57/b8cdb12ac0d73ef0243218bd5e22c9df8f92edab8018213a86aec67c5324/coverage-7.14.0-cp313-cp313-musllinux_1_2_ppc64le.whl", hash = "sha256:49c005cba1e2f9677fb2845dcdf9a2e72a52a17d63e8231aaaae35d9f50215ef" },
    { url = "https://mirrors.cloud.tencent.com/pypi/packages/1f/d4/5002019538b2036ce3c84340f54d2fd5100d55b0a6b0894eee56128d03c7/coverage-7.14.0-cp313-cp313-musllinux_1_2_riscv64.whl", hash = "sha256:9117377b823daa28aa8635fbb08cda1cd6be3d7143257345459559aeef852d52" },
    { url = "https://mirrors.cloud.tencent.com/pypi/packages/37/53/20c5009477660f084e6ed60bc02a91894b8e234e617e86ecfd9aaf78e27b/coverage-7.14.0-cp313-cp313-musllinux_1_2_x86_64.whl", hash = "sha256:7b79d646cf46d5cf9a9f40281d4441df5849e445726e369006d2b117710b33fe" },
    { url = "https://mirrors.cloud.tencent.com/pypi/packages/ae/ab/3cf6427ac9c1f1db747dbb1ce71dde47984876d4c2cfd018a3fef0a78d4d/coverage-7.14.0-cp313-cp313-win32.whl", hash = "sha256:fb609b3658479e33f9516d46f1a89dbb9b6c261366e3a11844a96ec487533dae" },
    { url = "https://mirrors.cloud.tencent.com/pypi/packages/8f/b8/9228523e80321c2cb4880d1f589bc0171f2f71432c35118ad04dc01decce/coverage-7.14.0-cp313-cp313-win_amd64.whl", hash = "sha256:0773d8329cf32b6fd222e4b52622c61fe8d503eb966cfc8d3c3c10c96266d50e" },
    { url = "https://mirrors.cloud.tencent.com/pypi/packages/a3/99/118daa192f95e3a6cb2740100fbf8797cda1734b4134ef0b5d501a7fa8f3/coverage-7.14.0-cp313-cp313-win_arm64.whl", hash = "sha256:b4e26a0f1b696faf283bffe5b8569e44e336c582439df5d53281ab89ee0cba96" },
    { url = "https://mirrors.cloud.tencent.com/pypi/packages/e6/f1/a46cc0c013be170216253184a32366d7cbdb9252feaec866b05c2d12a894/coverage-7.14.0-cp313-cp313t-macosx_10_13_x86_64.whl", hash = "sha256:953f521ca9445300397e65fda3dca58b2dbd68fee983777420b57ac3c77e9f90" },
    { url = "https://mirrors.cloud.tencent.com/pypi/packages/64/8c/9c30a3d311a34177fa432995be7fbfc64477d8bac5630bd38055b1c9b424/coverage-7.14.0-cp313-cp313t-macosx_11_0_arm64.whl", hash = "sha256:98af83fd65ae24b1fdd03aaead967a9f523bcd2f1aab2d4f3ffda65bb568a6f1" },
    { url = "https://mirrors.cloud.tencent.com/pypi/packages/9a/cd/3fb5e06c3badefd0c1b47e2044fdca67f8220a4ec2e7fcfb476aa0a67c6c/coverage-7.14.0-cp313-cp313t-manylinux1_i686.manylinux_2_28_i686.manylinux_2_5_i686.whl", hash = "sha256:668b92e6958c4db7cf92e81caac328dfbbdbb215db2850ad28f0cbe1eea0bfbd" },
    { url = "https://mirrors.cloud.tencent.com/pypi/packages/a8/e6/fbc322325c7294d3e22c1ad6b79e45d0806b25228c8e5842aed6d8169aa7/coverage-7.14.0-cp313-cp313t-manylinux1_x86_64.manylinux_2_28_x86_64.manylinux_2_5_x86_64.whl", hash = "sha256:9fbd898551762dea00d3fef2b1c4f99afd2c6a3ff952ea07d60a9bd5ed4f34bc" },
    { url = "https://mirrors.cloud.tencent.com/pypi/packages/08/92/c497b264bec1673c47cc77e26f760fcda4654cabf1f39546d1a23a3b8c35/coverage-7.14.0-cp313-cp313t-manylinux2014_aarch64.manylinux_2_17_aarch64.manylinux_2_28_aarch64.whl", hash = "sha256:68af363c07ecd8d4b7d4043d85cb376d7d227eceb54e5323ee45da73dbd3e426" },
    { url = "https://mirrors.cloud.tencent.com/pypi/packages/78/fc/045da320987f401af5d2815d351e8aa799aec859f60e29f445e3089eeedb/coverage-7.14.0-cp313-cp313t-manylinux2014_ppc64le.manylinux_2_17_ppc64le.manylinux_2_28_ppc64le.whl", hash = "sha256:6e57054a583da8ac55edf24117ea4c9133032cfc4cf72aa2d48c1e5d4b52f899" },
    { url = "https://mirrors.cloud.tencent.com/pypi/packages/1b/ae/227b1e379497fb7a4fc3286e620f80c8a1e7cec66d45695a01639eb1af65/coverage-7.14.0-cp313-cp313t-manylinux_2_31_riscv64.manylinux_2_39_riscv64.whl", hash = "sha256:cc3499459bbcdd51a65b64c35ab7ed2764eaf3cba826e0df3f1d7fe2e102b70b" },
    { url = "https://mirrors.cloud.tencent.com/pypi/packages/a0/f5/3570342900f2acea31d33ff1590c5d8bac1a8e1a2e1c6d34a5d5e61de681/coverage-7.14.0-cp313-cp313t-musllinux_1_2_aarch64.whl", hash = "sha256:45899ec2138a4346ed34d601dedf5076fb74edf2d1dd9dc76a78e82397edee90" },
    { url = "https://mirrors.cloud.tencent.com/pypi/packages/16/29/de1bbc01c935b28f89b1dc3db85b011c055e843a8e5e3b83141c3f80af7f/coverage-7.14.0-cp313-cp313t-musllinux_1_2_i686.whl", hash = "sha256:8767486808c436f05b23ab98eb963fb29185e32a9357a166971685cb3459900f" },
    { url = "https://mirrors.cloud.tencent.com/pypi/packages/35/95/f53890b0bf2fc10ab168e05d38869215e73ca24c4cb521c3bb0eb62fe16b/coverage-7.14.0-cp313-cp313t-musllinux_1_2_ppc64le.whl", hash = "sha256:a3b5ddfd6aa7ddad53ee3edb231e88a2151507a43229b7d71b953916deca127d" },
    { url = "https://mirrors.cloud.tencent.com/pypi/packages/ed/ea/c919e259081dd2bdf0e43b87209709ba7ec2e4117c2a7f5185379c43463c/coverage-7.14.0-cp313-cp313t-musllinux_1_2_riscv64.whl", hash = "sha256:63df0fe568e698e1045792399f8ab6da3a6c2dce3182813fb92afa2641087b47" },
    { url = "https://mirrors.cloud.tencent.com/pypi/packages/1a/2c/c2831889705a81dc5d1c6ca12e4d8e9b95dfc146d153488a6c0ea685d28e/coverage-7.14.0-cp313-cp313t-musllinux_1_2_x86_64.whl", hash = "sha256:827d6397dbd95144939b18f89edf31f63e1f99633e8d5f32f22ba8bdda567477" },
    { url = "https://mirrors.cloud.tencent.com/pypi/packages/5a/a9/2fcae5003cac3d63fe344d2166243c2756935f48420863c5272b240d550b/coverage-7.14.0-cp313-cp313t-win32.whl", hash = "sha256:7bf43e000d24012599b879791cff41589af90674722421ef11b11a5431920bab" },
    { url = "https://mirrors.cloud.tencent.com/pypi/packages/3f/bb/18e94d7b14b9b398164197114a587a04ab7c9fdbe1d237eef57311c5e883/coverage-7.14.0-cp313-cp313t-win_amd64.whl", hash = "sha256:3f5549365af25d770e06b1f8f5682d9a5637d06eb494db91c6fa75d3950cc917" },
    { url = "https://mirrors.cloud.tencent.com/pypi/packages/db/56/4f14fad782b035c81c4ffd09159e7103d42bb1d93ac8496d04b90a11b7da/coverage-7.14.0-cp313-cp313t-win_arm64.whl", hash = "sha256:6d160217ec6fe890f16ad3a9531761589443749e448f91986c972714fad361c8" },
    { url = "https://mirrors.cloud.tencent.com/pypi/packages/1c/18/b9a6586d73992807c26f9a5f274131be3d76b56b18a82b9392e2a25d2e45/coverage-7.14.0-cp314-cp314-macosx_10_15_x86_64.whl", hash = "sha256:9aed9fa983514ca032790f3fe0d1c0e42ca7e16b42432af1706b50a9a46bef5d" },
    { url = "https://mirrors.cloud.tencent.com/pypi/packages/f3/9b/4165a1d56ddc302a0e2d518fd9d412a4fd0b57562618c78c5f21c57194f5/coverage-7.14.0-cp314-cp314-macosx_11_0_arm64.whl", hash = "sha256:ba3b8390db29296dbbf49e91b6fe08f990743a90c8f447ba4c2ffc29670dfa63" },
    { url = "https://mirrors.cloud.tencent.com/pypi/packages/69/aa/c12e52a5ba148d9995229d557e3be6e554fe469addc0e9241b2f0956d8ea/coverage-7.14.0-cp314-cp314-manylinux1_i686.manylinux_2_28_i686.manylinux_2_5_i686.whl", hash = "sha256:3a5d8e876dfa2f102e970b183863d6dedd023d3c0eeca1fe7a9787bc5f28b212" },
    { url = "https://mirrors.cloud.tencent.com/pypi/packages/d7/51/ec641c26e6dca1b25a7d2035ba6ecb7c884ef1a100a9e42fbe4ce4405139/coverage-7.14.0-cp314-cp314-manylinux1_x86_64.manylinux_2_28_x86_64.manylinux_2_5_x86_64.whl", hash = "sha256:5ebb8f4614a3787d567e610bbfdf96a4798dd69a1afb1bd8ad228d4111fe6ff3" },
    { url = "https://mirrors.cloud.tencent.com/pypi/packages/33/c4/59c3de0bd1b538824173fd518fed51c1ce740ca5ed68e74545983f4053a9/coverage-7.14.0-cp314-cp314-manylinux2014_aarch64.manylinux_2_17_aarch64.manylinux_2_28_aarch64.whl", hash = "sha256:6b9bf47223dd8db3d4c4b2e443b02bace480d428f0822c3f991600448a176c97" },
    { url = "https://mirrors.cloud.tencent.com/pypi/packages/7b/a9/36dfa153a62040296f6e7febfdb20a5720622f6ef5a81a41e8237b9a5344/coverage-7.14.0-cp314-cp314-manylinux2014_ppc64le.manylinux_2_17_ppc64le.manylinux_2_28_ppc64le.whl", hash = "sha256:3485a836550b303d006d57cc06e3d5afaabc642c77050b7c985a97b13e3776b8" },
    { url = "https://mirrors.cloud.tencent.com/pypi/packages/26/7b/cc2c048d4114d9ab1c2409e9ee365e5ae10736df6dffcfc9444effa6c708/coverage-7.14.0-cp314-cp314-manylinux_2_31_riscv64.manylinux_2_39_riscv64.whl", hash = "sha256:3e7e88110bae996d199d1693ca8ec3fd52441d426401ae963437598667b4c5eb" },
    { url = "https://mirrors.cloud.tencent.com/pypi/packages/ee/df/6770eaa576e604575e9a78055313250faef5faa84bd6f71a39fece519c43/coverage-7.14.0-cp314-cp314-musllinux_1_2_aarch64.whl", hash = "sha256:15228a6800ce7bdf1b74800595e56db7138cecb338fdbf044806e10dcf182dfe" },
    { url = "https://mirrors.cloud.tencent.com/pypi/packages/ad/9e/1c0264514a3f98259a6d64765a397b2c8373e3ba59ee722a4802d3ec0c61/coverage-7.14.0-cp314-cp314-musllinux_1_2_i686.whl", hash = "sha256:9d26ac7f5398bafc5b57421ad994e8a4749e8a7a0e62d05ec7d53014d5963bfa" },
    { url = "https://mirrors.cloud.tencent.com/pypi/packages/64/16/4efdf3e3c4079cdbf0ece56a2fea872df9e8a3e15a13a0af4400e1075944/coverage-7.14.0-cp314-cp314-musllinux_1_2_ppc64le.whl", hash = "sha256:2fb73254ff43c911c967a899e1359bc5049b4b115d6e8fbdde4937d0a2246cd5" },
    { url = "https://mirrors.cloud.tencent.com/pypi/packages/93/69/b1de96346603881b3d1bc8d6447c83200e1c9700ffbaff926ba01ff5724c/coverage-7.14.0-cp314-cp314-musllinux_1_2_riscv64.whl", hash = "sha256:454a380af72c6adada298ed270d38c7a391288198dbfb8467f786f588751a90c" },
    { url = "https://mirrors.cloud.tencent.com/pypi/packages/a4/66/2881853e0363a5e0a724d1103e53650795367471b6afb234f8b49e713bc6/coverage-7.14.0-cp314-cp314-musllinux_1_2_x86_64.whl", hash = "sha256:65c86fb646d2bd2972e96bd1a8b45817ed907cee68655d6295fe7ec031d04cca" },
    { url = "https://mirrors.cloud.tencent.com/pypi/packages/55/5c/0d3305d002c41dcde873dbe456491e663dc55152ca526b630b5c47efd62f/coverage-7.14.0-cp314-cp314-win32.whl", hash = "sha256:6a6516b02a6101398e19a3f44820f69bab2590697f7def4331f668b14adaf828" },
    { url = "https://mirrors.cloud.tencent.com/pypi/packages/f9/58/6e1b8f52fdc3184b47dc5037f5070d83a3d11042db1594b02d2a44d786c8/coverage-7.14.0-cp314-cp314-win_amd64.whl", hash = "sha256:45e0f79d8351fa76e256716df91eab12890d32678b9590df7ae1042e4bd4cf5d" },
    { url = "https://mirrors.cloud.tencent.com/pypi/packages/00/70/a18c408e674bc26281cadaedc7351f929bd2094e191e4b15271c30b084cc/coverage-7.14.0-cp314-cp314-win_arm64.whl", hash = "sha256:4b899594a8b2d81e5cc064a0d7f9cac2081fed91049456cae7676787e41549c9" },
    { url = "https://mirrors.cloud.tencent.com/pypi/packages/3d/89/2681f071d238b62aff8dfc2ab44fc24cfdb38d1c01f391a80522ff5d3a16/coverage-7.14.0-cp314-cp314t-macosx_10_15_x86_64.whl", hash = "sha256:f580f8c80acd94ac72e863efe2cab791d8c38d153e0b463b92dfa000d5c84cd1" },
    { url = "https://mirrors.cloud.tencent.com/pypi/packages/bd/c7/c987babafd9207ffa1995e1ef1f9b26762cf4963aa768a66b6f0501e4616/coverage-7.14.0-cp314-cp314t-macosx_11_0_arm64.whl", hash = "sha256:a2bd259c442cd43c49b30fbafc51776eb19ea396faf159d26a83e6a0a5f13b0c" },
    { url = "https://mirrors.cloud.tencent.com/pypi/packages/5a/e9/d6a5ac3b333088143d6fc877d398a9a674dc03124a2f776e131f03864823/coverage-7.14.0-cp314-cp314t-manylinux1_i686.manylinux_2_28_i686.manylinux_2_5_i686.whl", hash = "sha256:a706b908dfa85538863504c624b237a3cc34232bf403c057414ebfdb3b4d9f84" },
    { url = "https://mirrors.cloud.tencent.com/pypi/packages/38/b1/e70838d29a7c08e22d44398a46db90815bbcbf28de06992bd9210d1a8d8e/coverage-7.14.0-cp314-cp314t-manylinux1_x86_64.manylinux_2_28_x86_64.manylinux_2_5_x86_64.whl", hash = "sha256:7333cd944ee4393b9b3d3c1b598c936d4fc8d70573a4c7dacfec5590dd50e436" },
    { url = "https://mirrors.cloud.tencent.com/pypi/packages/6b/73/5c31ef97763288d03d9995152b96d5475b527c63d91c84b01caea894b83a/coverage-7.14.0-cp314-cp314t-manylinux2014_aarch64.manylinux_2_17_aarch64.manylinux_2_28_aarch64.whl", hash = "sha256:0f162bc9a15b82d947b02651b0c7e1609d6f7a8735ca330cfadec8481dd97d5a" },
    { url = "https://mirrors.cloud.tencent.com/pypi/packages/e1/76/dd56d80f29c5f05b4d76f7e7c6d47cafacae017189c75c5759d24f9ff0cc/coverage-7.14.0-cp314-cp314t-manylinux2014_ppc64le.manylinux_2_17_ppc64le.manylinux_2_28_ppc64le.whl", hash = "sha256:362cb78e01a5dc82009d88004cf60f2e6b6d6fcbfdec05b05af73b0abf40118f" },
    { url = "https://mirrors.cloud.tencent.com/pypi/packages/6e/c7/27ba85cd5b95614f159ff93ebff1901584a8d192e2e5e24c4943a7453f59/coverage-7.14.0-cp314-cp314t-manylinux_2_31_riscv64.manylinux_2_39_riscv64.whl", hash = "sha256:acebd068fca5512c3a6fde9c045f901613478781a73f0e82b307b214daef23fb" },
    { url = "https://mirrors.cloud.tencent.com/pypi/packages/13/2e/e8149f60ab5d5684c6eee881bdf34b127115cddbb958b196768dd9d63473/coverage-7.14.0-cp314-cp314t-musllinux_1_2_aarch64.whl", hash = "sha256:29fe3da551dface75deb2ccbf87b6b66e2e7ef38f6d89050b428be94afff3490" },
    { url = "https://mirrors.cloud.tencent.com/pypi/packages/d9/7f/1261b025285323225f4b4abffa5a643649dfd67e25ddca7ebcbdea3b7cb3/coverage-7.14.0-cp314-cp314t-musllinux_1_2_i686.whl", hash = "sha256:b4cc4fce8672fffcb09b0eafc167b396b3ba53c4a7230f54b7aaffbf6c835fa9" },
    { url = "https://mirrors.cloud.tencent.com/pypi/packages/d3/dc/829c54f60b9d08389439c00f813c752781c496fc5788c78d8006db4b4f2b/coverage-7.14.0-cp314-cp314t-musllinux_1_2_ppc64le.whl", hash = "sha256:5d4a51aad8ba8bdcd2b8bd8f03d4aca19693fa2327a3470e4718a25b03481020" },
    { url = "https://mirrors.cloud.tencent.com/pypi/packages/ed/b0/70bd1419941652fa062689cba9c3eeafb8f5e6fbb890bce41c3bdda5dbd6/coverage-7.14.0-cp314-cp314t-musllinux_1_2_riscv64.whl", hash = "sha256:9f323af3e1e4f68b60b7b247e37b8515563a61375518fa59de1af48ba28a3db6" },
    { url = "https://mirrors.cloud.tencent.com/pypi/packages/f2/73/be40b2390656c654d35ea0015ea7ba3d945769cf80790ad5e0bb2d56d2ba/coverage-7.14.0-cp314-cp314t-musllinux_1_2_x86_64.whl", hash = "sha256:1a0abc7342ea9711c469dd8b821c6c311e6bc6aac1442e5fbd6b27fae0a8f3db" },
    { url = "https://mirrors.cloud.tencent.com/pypi/packages/29/55/4a643f712fcf7cf2881f8ec1e0ccb7b164aff3108f69b51801246c8799f2/coverage-7.14.0-cp314-cp314t-win32.whl", hash = "sha256:a9f864ef57b7172e2db87a096642dd51e179e085ab6b2c371c29e885f65c8fb2" },
    { url = "https://mirrors.cloud.tencent.com/pypi/packages/27/96/3acae5da0953be042c0b4dea6d6789d2f080701c77b88e44d5bd41b9219b/coverage-7.14.0-cp314-cp314t-win_amd64.whl", hash = "sha256:29943e552fdc08e082eb51400fb2f58e118a83b5542bd06531214e084399b644" },
    { url = "https://mirrors.cloud.tencent.com/pypi/packages/93/3d/6ab5d2dd8325d838737c6f8d83d62eb6230e0d70b87b51b57bbfd08fa767/coverage-7.14.0-cp314-cp314t-win_arm64.whl", hash = "sha256:742a73ea621953b012f2c4c2219b512180dd84489acf5b1596b0aafc55b9100b" },
    { url = "https://mirrors.cloud.tencent.com/pypi/packages/61/e8/cb8e80d6f9f55b99588625062822bf946cf03ed06315df4bd8397f5632a1/coverage-7.14.0-py3-none-any.whl", hash = "sha256:8de5b61163aee3d05c8a2beab6f47913df7981dad1baf82c414d99158c286ab1" },
]

[[package]]
name = "cramjam"
version = "2.11.0"
source = { registry = "https://mirrors.cloud.tencent.com/pypi/simple" }
sdist = { url = "https://mirrors.cloud.tencent.com/pypi/packages/14/12/34bf6e840a79130dfd0da7badfb6f7810b8fcfd60e75b0539372667b41b6/cramjam-2.11.0.tar.gz", hash = "sha256:5c82500ed91605c2d9781380b378397012e25127e89d64f460fea6aeac4389b4" }
wheels = [
    { url = "https://mirrors.cloud.tencent.com/pypi/packages/0b/0d/7c84c913a5fae85b773a9dcf8874390f9d68ba0fcc6630efa7ff1541b950/cramjam-2.11.0-cp312-cp312-macosx_10_12_x86_64.macosx_11_0_arm64.macosx_10_12_universal2.whl", hash = "sha256:dba5c14b8b4f73ea1e65720f5a3fe4280c1d27761238378be8274135c60bbc6e" },
    { url = "https://mirrors.cloud.tencent.com/pypi/packages/2b/cc/4f6d185d8a744776f53035e72831ff8eefc2354f46ab836f4bd3c4f6c138/cramjam-2.11.0-cp312-cp312-macosx_10_12_x86_64.whl", hash = "sha256:11eb40722b3fcf3e6890fba46c711bf60f8dc26360a24876c85e52d76c33b25b" },
    { url = "https://mirrors.cloud.tencent.com/pypi/packages/1c/a8/626c76263085c6d5ded0e71823b411e9522bfc93ba6cc59855a5869296e7/cramjam-2.11.0-cp312-cp312-macosx_11_0_arm64.whl", hash = "sha256:aeb26e2898994b6e8319f19a4d37c481512acdcc6d30e1b5ecc9d8ec57e835cb" },
    { url = "https://mirrors.cloud.tencent.com/pypi/packages/e9/52/0851a16a62447532e30ba95a80e638926fdea869a34b4b5b9d0a020083ba/cramjam-2.11.0-cp312-cp312-manylinux_2_12_i686.manylinux2010_i686.whl", hash = "sha256:4f8d82081ed7d8fe52c982bd1f06e4c7631a73fe1fb6d4b3b3f2404f87dc40fe" },
    { url = "https://mirrors.cloud.tencent.com/pypi/packages/98/76/122e444f59dbc216451d8e3d8282c9665dc79eaf822f5f1470066be1b695/cramjam-2.11.0-cp312-cp312-manylinux_2_17_aarch64.manylinux2014_aarch64.whl", hash = "sha256:092a3ec26e0a679305018380e4f652eae1b6dfe3fc3b154ee76aa6b92221a17c" },
    { url = "https://mirrors.cloud.tencent.com/pypi/packages/a3/bc/3a0189aef1af2b29632c039c19a7a1b752bc21a4053582a5464183a0ad3d/cramjam-2.11.0-cp312-cp312-manylinux_2_17_armv7l.manylinux2014_armv7l.whl", hash = "sha256:529d6d667c65fd105d10bd83d1cd3f9869f8fd6c66efac9415c1812281196a92" },
    { url = "https://mirrors.cloud.tencent.com/pypi/packages/2e/80/8a6343b13778ce52d94bb8d5365a30c3aa951276b1857201fe79d7e2ad25/cramjam-2.11.0-cp312-cp312-manylinux_2_17_ppc64le.manylinux2014_ppc64le.whl", hash = "sha256:555eb9c90c450e0f76e27d9ff064e64a8b8c6478ab1a5594c91b7bc5c82fd9f0" },
    { url = "https://mirrors.cloud.tencent.com/pypi/packages/df/6b/cd1778a207c29eda10791e3dfa018b588001928086e179fc71254793c625/cramjam-2.11.0-cp312-cp312-manylinux_2_17_s390x.manylinux2014_s390x.whl", hash = "sha256:5edf4c9e32493035b514cf2ba0c969d81ccb31de63bd05490cc8bfe3b431674e" },
    { url = "https://mirrors.cloud.tencent.com/pypi/packages/dc/f0/5c2a5cd5711032f3b191ca50cb786c17689b4a9255f9f768866e6c9f04d9/cramjam-2.11.0-cp312-cp312-manylinux_2_17_x86_64.manylinux2014_x86_64.whl", hash = "sha256:2fa2fe41f48c4d58d923803383b0737f048918b5a0d10390de9628bb6272b107" },
    { url = "https://mirrors.cloud.tencent.com/pypi/packages/f9/8b/b363a5fb2c3347504fe9a64f8d0f1e276844f0e532aa7162c061cd1ffee4/cramjam-2.11.0-cp312-cp312-musllinux_1_1_aarch64.whl", hash = "sha256:9ca14cf1cabdb0b77d606db1bb9e9ca593b1dbd421fcaf251ec9a5431ec449f3" },
    { url = "https://mirrors.cloud.tencent.com/pypi/packages/78/7b/d83dad46adb6c988a74361f81ad9c5c22642be53ad88616a19baedd06243/cramjam-2.11.0-cp312-cp312-musllinux_1_1_armv7l.whl", hash = "sha256:309e95bf898829476bccf4fd2c358ec00e7ff73a12f95a3cdeeba4bb1d3683d5" },
    { url = "https://mirrors.cloud.tencent.com/pypi/packages/1a/be/60d9be4cb33d8740a4aa94c7513f2ef3c4eba4fd13536f086facbafade71/cramjam-2.11.0-cp312-cp312-musllinux_1_1_i686.whl", hash = "sha256:86dca35d2f15ef22922411496c220f3c9e315d5512f316fe417461971cc1648d" },
    { url = "https://mirrors.cloud.tencent.com/pypi/packages/11/b0/4a595f01a243aec8ad272b160b161c44351190c35d98d7787919d962e9e5/cramjam-2.11.0-cp312-cp312-musllinux_1_1_x86_64.whl", hash = "sha256:193c6488bd2f514cbc0bef5c18fad61a5f9c8d059dd56edf773b3b37f0e85496" },
    { url = "https://mirrors.cloud.tencent.com/pypi/packages/38/47/7776659aaa677046b77f527106e53ddd47373416d8fcdb1e1a881ec5dc06/cramjam-2.11.0-cp312-cp312-win32.whl", hash = "sha256:514e2c008a8b4fa823122ca3ecab896eac41d9aa0f5fc881bd6264486c204e32" },
    { url = "https://mirrors.cloud.tencent.com/pypi/packages/75/b1/d53002729cfd94c5844ddfaf1233c86d29f2dbfc1b764a6562c41c044199/cramjam-2.11.0-cp312-cp312-win_amd64.whl", hash = "sha256:53fed080476d5f6ad7505883ec5d1ec28ba36c2273db3b3e92d7224fe5e463db" },
    { url = "https://mirrors.cloud.tencent.com/pypi/packages/0a/8b/406c5dc0f8e82385519d8c299c40fd6a56d97eca3fcd6f5da8dad48de75b/cramjam-2.11.0-cp313-cp313-macosx_10_12_x86_64.macosx_11_0_arm64.macosx_10_12_universal2.whl", hash = "sha256:2c289729cc1c04e88bafa48b51082fb462b0a57dbc96494eab2be9b14dca62af" },
    { url = "https://mirrors.cloud.tencent.com/pypi/packages/00/ad/4186884083d6e4125b285903e17841827ab0d6d0cffc86216d27ed91e91d/cramjam-2.11.0-cp313-cp313-macosx_10_12_x86_64.whl", hash = "sha256:045201ee17147e36cf43d8ae2fa4b4836944ac672df5874579b81cf6d40f1a1f" },
    { url = "https://mirrors.cloud.tencent.com/pypi/packages/54/01/91b485cf76a7efef638151e8a7d35784dae2c4ff221b1aec2c083e4b106d/cramjam-2.11.0-cp313-cp313-macosx_11_0_arm64.whl", hash = "sha256:619cd195d74c9e1d2a3ad78d63451d35379c84bd851aec552811e30842e1c67a" },
    { url = "https://mirrors.cloud.tencent.com/pypi/packages/cd/84/d0c80d279b2976870fc7d10f15dcb90a3c10c06566c6964b37c152694974/cramjam-2.11.0-cp313-cp313-manylinux_2_12_i686.manylinux2010_i686.whl", hash = "sha256:6eb3ae5ab72edb2ed68bdc0f5710f0a6cad7fd778a610ec2c31ee15e32d3921e" },
    { url = "https://mirrors.cloud.tencent.com/pypi/packages/d6/70/88f2a5cb904281ed5d3c111b8f7d5366639817a5470f059bcd26833fc870/cramjam-2.11.0-cp313-cp313-manylinux_2_17_aarch64.manylinux2014_aarch64.whl", hash = "sha256:df7da3f4b19e3078f9635f132d31b0a8196accb2576e3213ddd7a77f93317c20" },
    { url = "https://mirrors.cloud.tencent.com/pypi/packages/b2/06/cf5b02081132537d28964fb385fcef9ed9f8a017dd7d8c59d317e53ba50d/cramjam-2.11.0-cp313-cp313-manylinux_2_17_armv7l.manylinux2014_armv7l.whl", hash = "sha256:57286b289cd557ac76c24479d8ecfb6c3d5b854cce54ccc7671f9a2f5e2a2708" },
    { url = "https://mirrors.cloud.tencent.com/pypi/packages/57/27/63525087ed40a53d1867021b9c4858b80cc86274ffe7225deed067d88d92/cramjam-2.11.0-cp313-cp313-manylinux_2_17_ppc64le.manylinux2014_ppc64le.whl", hash = "sha256:28952fbbf8b32c0cb7fa4be9bcccfca734bf0d0989f4b509dc7f2f70ba79ae06" },
    { url = "https://mirrors.cloud.tencent.com/pypi/packages/c3/ef/dbba082c6ebfb6410da4dd39a64e654d7194fcfd4567f85991a83fa4ec32/cramjam-2.11.0-cp313-cp313-manylinux_2_17_s390x.manylinux2014_s390x.whl", hash = "sha256:78ed2e4099812a438b545dfbca1928ec825e743cd253bc820372d6ef8c3adff4" },
    { url = "https://mirrors.cloud.tencent.com/pypi/packages/35/ce/d902b9358a46a086938feae83b2251720e030f06e46006f4c1fc0ac9da20/cramjam-2.11.0-cp313-cp313-manylinux_2_17_x86_64.manylinux2014_x86_64.whl", hash = "sha256:7d9aecd5c3845d415bd6c9957c93de8d93097e269137c2ecb0e5a5256374bdc8" },
    { url = "https://mirrors.cloud.tencent.com/pypi/packages/e8/03/982f54553244b0afcbdb2ad2065d460f0ab05a72a96896a969a1ca136a1e/cramjam-2.11.0-cp313-cp313-musllinux_1_1_aarch64.whl", hash = "sha256:362fcf4d6f5e1242a4540812455f5a594949190f6fbc04f2ffbfd7ae0266d788" },
    { url = "https://mirrors.cloud.tencent.com/pypi/packages/74/5f/748e54cdb665ec098ec519e23caacc65fc5ae58718183b071e33fc1c45b4/cramjam-2.11.0-cp313-cp313-musllinux_1_1_armv7l.whl", hash = "sha256:13240b3dea41b1174456cb9426843b085dc1a2bdcecd9ee2d8f65ac5703374b0" },
    { url = "https://mirrors.cloud.tencent.com/pypi/packages/69/81/c4e6cb06ed69db0dc81f9a8b1dc74995ebd4351e7a1877143f7031ff2700/cramjam-2.11.0-cp313-cp313-musllinux_1_1_i686.whl", hash = "sha256:c54eed83726269594b9086d827decc7d2015696e31b99bf9b69b12d9063584fe" },
    { url = "https://mirrors.cloud.tencent.com/pypi/packages/13/5b/966365523ce8290a08e163e3b489626c5adacdff2b3da9da1b0823dfb14e/cramjam-2.11.0-cp313-cp313-musllinux_1_1_x86_64.whl", hash = "sha256:f8195006fdd0fc0a85b19df3d64a3ef8a240e483ae1dfc7ac6a4316019eb5df2" },
    { url = "https://mirrors.cloud.tencent.com/pypi/packages/3a/7d/7f8eb5c534b72b32c6eb79d74585bfee44a9a5647a14040bb65c31c2572d/cramjam-2.11.0-cp313-cp313-win32.whl", hash = "sha256:ccf30e3fe6d770a803dcdf3bb863fa44ba5dc2664d4610ba2746a3c73599f2e4" },
    { url = "https://mirrors.cloud.tencent.com/pypi/packages/37/05/47b5e0bf7c41a3b1cdd3b7c2147f880c93226a6bef1f5d85183040cbdece/cramjam-2.11.0-cp313-cp313-win_amd64.whl", hash = "sha256:ee36348a204f0a68b03400f4736224e9f61d1c6a1582d7f875c1ca56f0254268" },
    { url = "https://mirrors.cloud.tencent.com/pypi/packages/de/07/a1051cdbbe6d723df16d756b97f09da7c1adb69e29695c58f0392bc12515/cramjam-2.11.0-cp314-cp314-macosx_10_12_x86_64.macosx_11_0_arm64.macosx_10_12_universal2.whl", hash = "sha256:7ba5e38c9fbd06f086f4a5a64a1a5b7b417cd3f8fc07a20e5c03651f72f36100" },
    { url = "https://mirrors.cloud.tencent.com/pypi/packages/74/66/58487d2e16ef3d04f51a7c7f0e69823e806744b4c21101e89da4873074bc/cramjam-2.11.0-cp314-cp314-macosx_10_12_x86_64.whl", hash = "sha256:b8adeee57b41fe08e4520698a4b0bd3cc76dbd81f99424b806d70a5256a391d3" },
    { url = "https://mirrors.cloud.tencent.com/pypi/packages/67/b4/67f6254d166ffbcc9d5fa1b56876eaa920c32ebc8e9d3d525b27296b693b/cramjam-2.11.0-cp314-cp314-macosx_11_0_arm64.whl", hash = "sha256:b96a74fa03a636c8a7d76f700d50e9a8bc17a516d6a72d28711225d641e30968" },
    { url = "https://mirrors.cloud.tencent.com/pypi/packages/55/a3/4e0b31c0d454ae70c04684ed7c13d3c67b4c31790c278c1e788cb804fa4a/cramjam-2.11.0-cp314-cp314-manylinux_2_12_i686.manylinux2010_i686.whl", hash = "sha256:c3811a56fa32e00b377ef79121c0193311fd7501f0fb378f254c7f083cc1fbe0" },
    { url = "https://mirrors.cloud.tencent.com/pypi/packages/d9/c7/5e8eed361d1d3b8be14f38a54852c5370cc0ceb2c2d543b8ba590c34f080/cramjam-2.11.0-cp314-cp314-manylinux_2_17_aarch64.manylinux2014_aarch64.whl", hash = "sha256:c5d927e87461f8a0d448e4ab5eb2bca9f31ca5d8ea86d70c6f470bb5bc666d7e" },
    { url = "https://mirrors.cloud.tencent.com/pypi/packages/09/0c/06b7f8b0ce9fde89470505116a01fc0b6cb92d406c4fb1e46f168b5d3fa5/cramjam-2.11.0-cp314-cp314-manylinux_2_17_armv7l.manylinux2014_armv7l.whl", hash = "sha256:f1f5c450121430fd89cb5767e0a9728ecc65997768fd4027d069cb0368af62f9" },
    { url = "https://mirrors.cloud.tencent.com/pypi/packages/6f/c6/6ebc02c9d5acdf4e5f2b1ec6e1252bd5feee25762246798ae823b3347457/cramjam-2.11.0-cp314-cp314-manylinux_2_17_ppc64le.manylinux2014_ppc64le.whl", hash = "sha256:724aa7490be50235d97f07e2ca10067927c5d7f336b786ddbc868470e822aa25" },
    { url = "https://mirrors.cloud.tencent.com/pypi/packages/a2/77/a122971c23f5ca4b53e4322c647ac7554626c95978f92d19419315dddd05/cramjam-2.11.0-cp314-cp314-manylinux_2_17_s390x.manylinux2014_s390x.whl", hash = "sha256:54c4637122e7cfd7aac5c1d3d4c02364f446d6923ea34cf9d0e8816d6e7a4936" },
    { url = "https://mirrors.cloud.tencent.com/pypi/packages/19/0f/f6121b90b86b9093c066889274d26a1de3f29969d45c2ed1ecbe2033cb78/cramjam-2.11.0-cp314-cp314-manylinux_2_17_x86_64.manylinux2014_x86_64.whl", hash = "sha256:17eb39b1696179fb471eea2de958fa21f40a2cd8bf6b40d428312d5541e19dc4" },
    { url = "https://mirrors.cloud.tencent.com/pypi/packages/e0/a3/f95bc57fd7f4166ce6da816cfa917fb7df4bb80e669eb459d85586498414/cramjam-2.11.0-cp314-cp314-musllinux_1_1_aarch64.whl", hash = "sha256:36aa5a798aa34e11813a80425a30d8e052d8de4a28f27bfc0368cfc454d1b403" },
    { url = "https://mirrors.cloud.tencent.com/pypi/packages/fc/52/e429de4e8bc86ee65e090dae0f87f45abd271742c63fb2d03c522ffde28a/cramjam-2.11.0-cp314-cp314-musllinux_1_1_armv7l.whl", hash = "sha256:449fca52774dc0199545fbf11f5128933e5a6833946707885cf7be8018017839" },
    { url = "https://mirrors.cloud.tencent.com/pypi/packages/6c/6c/65a7a0207787ad39ad804af4da7f06a60149de19481d73d270b540657234/cramjam-2.11.0-cp314-cp314-musllinux_1_1_i686.whl", hash = "sha256:d87d37b3d476f4f7623c56a232045d25bd9b988314702ea01bd9b4a94948a778" },
    { url = "https://mirrors.cloud.tencent.com/pypi/packages/b2/c5/5c5db505ba692bc844246b066e23901d5905a32baf2f33719c620e65887f/cramjam-2.11.0-cp314-cp314-musllinux_1_1_x86_64.whl", hash = "sha256:26cb45c47d71982d76282e303931c6dd4baee1753e5d48f9a89b3a63e690b3a3" },
    { url = "https://mirrors.cloud.tencent.com/pypi/packages/b0/22/88e6693e60afe98901e5bbe91b8dea193e3aa7f42e2770f9c3339f5c1065/cramjam-2.11.0-cp314-cp314-win32.whl", hash = "sha256:4efe919d443c2fd112fe25fe636a52f9628250c9a50d9bddb0488d8a6c09acc6" },
    { url = "https://mirrors.cloud.tencent.com/pypi/packages/cc/f8/01618801cd59ccedcc99f0f96d20be67d8cfc3497da9ccaaad6b481781dd/cramjam-2.11.0-cp314-cp314-win_amd64.whl", hash = "sha256:ccec3524ea41b9abd5600e3e27001fd774199dbb4f7b9cb248fcee37d4bda84c" },
    { url = "https://mirrors.cloud.tencent.com/pypi/packages/40/81/6cdb3ed222d13ae86bda77aafe8d50566e81a1169d49ed195b6263610704/cramjam-2.11.0-cp314-cp314t-macosx_10_12_x86_64.macosx_11_0_arm64.macosx_10_12_universal2.whl", hash = "sha256:966ac9358b23d21ecd895c418c048e806fd254e46d09b1ff0cdad2eba195ea3e" },
    { url = "https://mirrors.cloud.tencent.com/pypi/packages/cb/43/52b7e54fe5ba1ef0270d9fdc43dabd7971f70ea2d7179be918c997820247/cramjam-2.11.0-cp314-cp314t-macosx_10_12_x86_64.whl", hash = "sha256:387f09d647a0d38dcb4539f8a14281f8eb6bb1d3e023471eb18a5974b2121c86" },
    { url = "https://mirrors.cloud.tencent.com/pypi/packages/9d/28/30d5b8d10acd30db3193bc562a313bff722888eaa45cfe32aa09389f2b24/cramjam-2.11.0-cp314-cp314t-macosx_11_0_arm64.whl", hash = "sha256:665b0d8fbbb1a7f300265b43926457ec78385200133e41fef19d85790fc1e800" },
    { url = "https://mirrors.cloud.tencent.com/pypi/packages/d9/86/ec806f986e01b896a650655024ea52a13e25c3ac8a3a382f493089483cdc/cramjam-2.11.0-cp314-cp314t-manylinux_2_12_i686.manylinux2010_i686.whl", hash = "sha256:ca905387c7a371531b9622d93471be4d745ef715f2890c3702479cd4fc85aa51" },
    { url = "https://mirrors.cloud.tencent.com/pypi/packages/09/43/c2c17586b90848d29d63181f7d14b8bd3a7d00975ad46e3edf2af8af7e1f/cramjam-2.11.0-cp314-cp314t-manylinux_2_17_aarch64.manylinux2014_aarch64.whl", hash = "sha256:3c1aa56aef2c8af55a21ed39040a94a12b53fb23beea290f94d19a76027e2ffb" },
    { url = "https://mirrors.cloud.tencent.com/pypi/packages/2b/a9/68bc334fadb434a61df10071dc8606702aa4f5b6cdb2df62474fc21d2845/cramjam-2.11.0-cp314-cp314t-manylinux_2_17_armv7l.manylinux2014_armv7l.whl", hash = "sha256:e5db59c1cdfaa2ab85cc988e602d6919495f735ca8a5fd7603608eb1e23c26d5" },
    { url = "https://mirrors.cloud.tencent.com/pypi/packages/5b/4e/b48e67835b5811ec5e9cb2e2bcba9c3fd76dab3e732569fe801b542c6ca9/cramjam-2.11.0-cp314-cp314t-manylinux_2_17_ppc64le.manylinux2014_ppc64le.whl", hash = "sha256:b1f893014f00fe5e89a660a032e813bf9f6d91de74cd1490cdb13b2b59d0c9a3" },
    { url = "https://mirrors.cloud.tencent.com/pypi/packages/c4/70/d2ac33d572b4d90f7f0f2c8a1d60fb48f06b128fdc2c05f9b49891bb0279/cramjam-2.11.0-cp314-cp314t-manylinux_2_17_s390x.manylinux2014_s390x.whl", hash = "sha256:c26a1eb487947010f5de24943bd7c422dad955b2b0f8650762539778c380ca89" },
    { url = "https://mirrors.cloud.tencent.com/pypi/packages/1d/4c/85cec77af4a74308ba5fca8e296c4e2f80ec465c537afc7ab1e0ca2f9a00/cramjam-2.11.0-cp314-cp314t-manylinux_2_17_x86_64.manylinux2014_x86_64.whl", hash = "sha256:7d5c8bfb438d94e7b892d1426da5fc4b4a5370cc360df9b8d9d77c33b896c37e" },
    { url = "https://mirrors.cloud.tencent.com/pypi/packages/55/45/938546d1629e008cc3138df7c424ef892719b1796ff408a2ab8550032e5e/cramjam-2.11.0-cp314-cp314t-musllinux_1_1_aarch64.whl", hash = "sha256:cb1fb8c9337ab0da25a01c05d69a0463209c347f16512ac43be5986f3d1ebaf4" },
    { url = "https://mirrors.cloud.tencent.com/pypi/packages/01/76/b5a53e20505555f1640e66dcf70394bcf51a1a3a072aa18ea35135a0f9ed/cramjam-2.11.0-cp314-cp314t-musllinux_1_1_armv7l.whl", hash = "sha256:1f6449f6de52dde3e2f1038284910c8765a397a25e2d05083870f3f5e7fc682c" },
    { url = "https://mirrors.cloud.tencent.com/pypi/packages/84/12/8d3f6ceefae81bbe45a347fdfa2219d9f3ac75ebc304f92cd5fcb4fbddc5/cramjam-2.11.0-cp314-cp314t-musllinux_1_1_i686.whl", hash = "sha256:382dec4f996be48ed9c6958d4e30c2b89435d7c2c4dbf32480b3b8886293dd65" },
    { url = "https://mirrors.cloud.tencent.com/pypi/packages/4b/85/3be6f0a1398f976070672be64f61895f8839857618a2d8cc0d3ab529d3dc/cramjam-2.11.0-cp314-cp314t-musllinux_1_1_x86_64.whl", hash = "sha256:d388bd5723732c3afe1dd1d181e4213cc4e1be210b080572e7d5749f6e955656" },
    { url = "https://mirrors.cloud.tencent.com/pypi/packages/57/5e/66cfc3635511b20014bbb3f2ecf0095efb3049e9e96a4a9e478e4f3d7b78/cramjam-2.11.0-cp314-cp314t-win32.whl", hash = "sha256:0a70ff17f8e1d13f322df616505550f0f4c39eda62290acb56f069d4857037c8" },
    { url = "https://mirrors.cloud.tencent.com/pypi/packages/ce/c6/c71e82e041c95ffe6a92ac707785500aa2a515a4339c2c7dd67e3c449249/cramjam-2.11.0-cp314-cp314t-win_amd64.whl", hash = "sha256:028400d699442d40dbda02f74158c73d05cb76587a12490d0bfedd958fd49188" },
]

[[package]]
name = "h11"
version = "0.16.0"
source = { registry = "https://mirrors.cloud.tencent.com/pypi/simple" }
sdist = { url = "https://mirrors.cloud.tencent.com/pypi/packages/01/ee/02a2c011bdab74c6fb3c75474d40b3052059d95df7e73351460c8588d963/h11-0.16.0.tar.gz", hash = "sha256:4e35b956cf45792e4caa5885e69fba00bdbc6ffafbfa020300e549b208ee5ff1" }
wheels = [
    { url = "https://mirrors.cloud.tencent.com/pypi/packages/04/4b/29cac41a4d98d144bf5f6d33995617b185d14b22401f75ca86f384e87ff1/h11-0.16.0-py3-none-any.whl", hash = "sha256:63cf8bbe7522de3bf65932fda1d9c2772064ffb3dae62d55932da54b31cb6c86" },
]

[[package]]
name = "httpcore"
version = "1.0.9"
source = { registry = "https://mirrors.cloud.tencent.com/pypi/simple" }
dependencies = [
    { name = "certifi" },
    { name = "h11" },
]
sdist = { url = "https://mirrors.cloud.tencent.com/pypi/packages/06/94/82699a10bca87a5556c9c59b5963f2d039dbd239f25bc2a63907a05a14cb/httpcore-1.0.9.tar.gz", hash = "sha256:6e34463af53fd2ab5d807f399a9b45ea31c3dfa2276f15a2c3f00afff6e176e8" }
wheels = [
    { url = "https://mirrors.cloud.tencent.com/pypi/packages/7e/f5/f66802a942d491edb555dd61e3a9961140fd64c90bce1eafd741609d334d/httpcore-1.0.9-py3-none-any.whl", hash = "sha256:2d400746a40668fc9dec9810239072b40b4484b640a8c38fd654a024c7a1bf55" },
]

[[package]]
name = "httpx"
version = "0.28.1"
source = { registry = "https://mirrors.cloud.tencent.com/pypi/simple" }
dependencies = [
    { name = "anyio" },
    { name = "certifi" },
    { name = "httpcore" },
    { name = "idna" },
]
sdist = { url = "https://mirrors.cloud.tencent.com/pypi/packages/b1/df/48c586a5fe32a0f01324ee087459e112ebb7224f646c0b5023f5e79e9956/httpx-0.28.1.tar.gz", hash = "sha256:75e98c5f16b0f35b567856f597f06ff2270a374470a5c2392242528e3e3e42fc" }
wheels = [
    { url = "https://mirrors.cloud.tencent.com/pypi/packages/2a/39/e50c7c3a983047577ee07d2a9e53faf5a69493943ec3f6a384bdc792deb2/httpx-0.28.1-py3-none-any.whl", hash = "sha256:d909fcccc110f8c7faf814ca82a9a4d816bc5a6dbfea25d6591d6985b8ba59ad" },
]

[[package]]
name = "idna"
version = "3.15"
source = { registry = "https://mirrors.cloud.tencent.com/pypi/simple" }
sdist = { url = "https://mirrors.cloud.tencent.com/pypi/packages/82/77/7b3966d0b9d1d31a36ddf1746926a11dface89a83409bf1483f0237aa758/idna-3.15.tar.gz", hash = "sha256:ca962446ea538f7092a95e057da437618e886f4d349216d2b1e294abfdb65fdc" }
wheels = [
    { url = "https://mirrors.cloud.tencent.com/pypi/packages/d2/23/408243171aa9aaba178d3e2559159c24c1171a641aa83b67bdd3394ead8e/idna-3.15-py3-none-any.whl", hash = "sha256:048adeaf8c2d788c40fee287673ccaa74c24ffd8dcf09ffa555a2fbb59f10ac8" },
]

[[package]]
name = "iniconfig"
version = "2.3.0"
source = { registry = "https://mirrors.cloud.tencent.com/pypi/simple" }
sdist = { url = "https://mirrors.cloud.tencent.com/pypi/packages/72/34/14ca021ce8e5dfedc35312d08ba8bf51fdd999c576889fc2c24cb97f4f10/iniconfig-2.3.0.tar.gz", hash = "sha256:c76315c77db068650d49c5b56314774a7804df16fee4402c1f19d6d15d8c4730" }
wheels = [
    { url = "https://mirrors.cloud.tencent.com/pypi/packages/cb/b1/3846dd7f199d53cb17f49cba7e651e9ce294d8497c8c150530ed11865bb8/iniconfig-2.3.0-py3-none-any.whl", hash = "sha256:f631c04d2c48c52b84d0d0549c99ff3859c98df65b3101406327ecc7d53fbf12" },
]

[[package]]
name = "packaging"
version = "26.2"
source = { registry = "https://mirrors.cloud.tencent.com/pypi/simple" }
sdist = { url = "https://mirrors.cloud.tencent.com/pypi/packages/d7/f1/e7a6dd94a8d4a5626c03e4e99c87f241ba9e350cd9e6d75123f992427270/packaging-26.2.tar.gz", hash = "sha256:ff452ff5a3e828ce110190feff1178bb1f2ea2281fa2075aadb987c2fb221661" }
wheels = [
    { url = "https://mirrors.cloud.tencent.com/pypi/packages/df/b2/87e62e8c3e2f4b32e5fe99e0b86d576da1312593b39f47d8ceef365e95ed/packaging-26.2-py3-none-any.whl", hash = "sha256:5fc45236b9446107ff2415ce77c807cee2862cb6fac22b8a73826d0693b0980e" },
]

[[package]]
name = "pluggy"
version = "1.6.0"
source = { registry = "https://mirrors.cloud.tencent.com/pypi/simple" }
sdist = { url = "https://mirrors.cloud.tencent.com/pypi/packages/f9/e2/3e91f31a7d2b083fe6ef3fa267035b518369d9511ffab804f839851d2779/pluggy-1.6.0.tar.gz", hash = "sha256:7dcc130b76258d33b90f61b658791dede3486c3e6bfb003ee5c9bfb396dd22f3" }
wheels = [
    { url = "https://mirrors.cloud.tencent.com/pypi/packages/54/20/4d324d65cc6d9205fabedc306948156824eb9f0ee1633355a8f7ec5c66bf/pluggy-1.6.0-py3-none-any.whl", hash = "sha256:e920276dd6813095e9377c0bc5566d94c932c33b27a3e3945d8389c374dd4746" },
]

[[package]]
name = "pygments"
version = "2.20.0"
source = { registry = "https://mirrors.cloud.tencent.com/pypi/simple" }
sdist = { url = "https://mirrors.cloud.tencent.com/pypi/packages/c3/b2/bc9c9196916376152d655522fdcebac55e66de6603a76a02bca1b6414f6c/pygments-2.20.0.tar.gz", hash = "sha256:6757cd03768053ff99f3039c1a36d6c0aa0b263438fcab17520b30a303a82b5f" }
wheels = [
    { url = "https://mirrors.cloud.tencent.com/pypi/packages/f4/7e/a72dd26f3b0f4f2bf1dd8923c85f7ceb43172af56d63c7383eb62b332364/pygments-2.20.0-py3-none-any.whl", hash = "sha256:81a9e26dd42fd28a23a2d169d86d7ac03b46e2f8b59ed4698fb4785f946d0176" },
]

[[package]]
name = "pytest"
version = "9.0.3"
source = { registry = "https://mirrors.cloud.tencent.com/pypi/simple" }
dependencies = [
    { name = "colorama", marker = "sys_platform == 'win32'" },
    { name = "iniconfig" },
    { name = "packaging" },
    { name = "pluggy" },
    { name = "pygments" },
]
sdist = { url = "https://mirrors.cloud.tencent.com/pypi/packages/7d/0d/549bd94f1a0a402dc8cf64563a117c0f3765662e2e668477624baeec44d5/pytest-9.0.3.tar.gz", hash = "sha256:b86ada508af81d19edeb213c681b1d48246c1a91d304c6c81a427674c17eb91c" }
wheels = [
    { url = "https://mirrors.cloud.tencent.com/pypi/packages/d4/24/a372aaf5c9b7208e7112038812994107bc65a84cd00e0354a88c2c77a617/pytest-9.0.3-py3-none-any.whl", hash = "sha256:2c5efc453d45394fdd706ade797c0a81091eccd1d6e4bccfcd476e2b8e0ab5d9" },
]

[[package]]
name = "pytest-cov"
version = "7.1.0"
source = { registry = "https://mirrors.cloud.tencent.com/pypi/simple" }
dependencies = [
    { name = "coverage" },
    { name = "pluggy" },
    { name = "pytest" },
]
sdist = { url = "https://mirrors.cloud.tencent.com/pypi/packages/b1/51/a849f96e117386044471c8ec2bd6cfebacda285da9525c9106aeb28da671/pytest_cov-7.1.0.tar.gz", hash = "sha256:30674f2b5f6351aa09702a9c8c364f6a01c27aae0c1366ae8016160d1efc56b2" }
wheels = [
    { url = "https://mirrors.cloud.tencent.com/pypi/packages/9d/7a/d968e294073affff457b041c2be9868a40c1c71f4a35fcc1e45e5493067b/pytest_cov-7.1.0-py3-none-any.whl", hash = "sha256:a0461110b7865f9a271aa1b51e516c9a95de9d696734a2f71e3e78f46e1d4678" },
]

[[package]]
name = "python-snappy"
version = "0.7.3"
source = { registry = "https://mirrors.cloud.tencent.com/pypi/simple" }
dependencies = [
    { name = "cramjam" },
]
sdist = { url = "https://mirrors.cloud.tencent.com/pypi/packages/39/66/9185fbb6605ba92716d9f77fbb13c97eb671cd13c3ad56bd154016fbf08b/python_snappy-0.7.3.tar.gz", hash = "sha256:40216c1badfb2d38ac781ecb162a1d0ec40f8ee9747e610bcfefdfa79486cee3" }
wheels = [
    { url = "https://mirrors.cloud.tencent.com/pypi/packages/86/c1/0ee413ddd639aebf22c85d6db39f136ccc10e6a4b4dd275a92b5c839de8d/python_snappy-0.7.3-py3-none-any.whl", hash = "sha256:074c0636cfcd97e7251330f428064050ac81a52c62ed884fc2ddebbb60ed7f50" },
]

[[package]]
name = "typing-extensions"
version = "4.15.0"
source = { registry = "https://mirrors.cloud.tencent.com/pypi/simple" }
sdist = { url = "https://mirrors.cloud.tencent.com/pypi/packages/72/94/1a15dd82efb362ac84269196e94cf00f187f7ed21c242792a923cdb1c61f/typing_extensions-4.15.0.tar.gz", hash = "sha256:0cea48d173cc12fa28ecabc3b837ea3cf6f38c6d1136f85cbaaf598984861466" }
wheels = [
    { url = "https://mirrors.cloud.tencent.com/pypi/packages/18/67/36e9267722cc04a6b9f15c7f3441c2363321a3ea07da7ae0c0707beb2a9c/typing_extensions-4.15.0-py3-none-any.whl", hash = "sha256:f0fa19c6845758ab08074a0cfa8b7aecb71c999ca73d62883bc25cc018c4e548" },
]
